
Microsoft Visual Studio Solution File, Format Version 12.00
# Visual Studio Version 17
VisualStudioVersion = 17.7.34024.191
MinimumVisualStudioVersion = 10.0.40219.1
Project("{FAE04EC0-301F-11D3-BF4B-00C04F79EFBC}") = "FoodRecipeApp", "FoodRecipeApp\FoodRecipeApp.csproj", "{B25F66AA-AD37-4DB9-B340-9319FF8D84D4}"
EndProject
Global
	GlobalSection(SolutionConfigurationPlatforms) = preSolution
		Debug|Any CPU = Debug|Any CPU
		Release|Any CPU = Release|Any CPU
	EndGlobalSection
	GlobalSection(ProjectConfigurationPlatforms) = postSolution
		{B25F66AA-AD37-4DB9-B340-9319FF8D84D4}.Debug|Any CPU.ActiveCfg = Debug|Any CPU
		{B25F66AA-AD37-4DB9-B340-9319FF8D84D4}.Debug|Any CPU.Build.0 = Debug|Any CPU
		{B25F66AA-AD37-4DB9-B340-9319FF8D84D4}.Release|Any CPU.ActiveCfg = Release|Any CPU
		{B25F66AA-AD37-4DB9-B340-9319FF8D84D4}.Release|Any CPU.Build.0 = Release|Any CPU
	EndGlobalSection
	GlobalSection(SolutionProperties) = preSolution
		HideSolutionNode = FALSE
	EndGlobalSection
	GlobalSection(ExtensibilityGlobals) = postSolution
		SolutionGuid = {6DF601E0-B266-4396-8973-D2792AAE212B}
	EndGlobalSection
EndGlobal
